
Microsoft Visual Studio Solution File, Format Version 12.00
# Visual Studio Version 17
VisualStudioVersion = 17.10.35004.147
MinimumVisualStudioVersion = 10.0.40219.1
Project("{FAE04EC0-301F-11D3-BF4B-00C04F79EFBC}") = "WebApp", "WebApplication\WebApp.csproj", "{F9CFBDA2-F0A8-4B5A-BE09-DD23E7DC5667}"
EndProject
Global
	GlobalSection(SolutionConfigurationPlatforms) = preSolution
		Debug|Any CPU = Debug|Any CPU
		Release|Any CPU = Release|Any CPU
	EndGlobalSection
	GlobalSection(ProjectConfigurationPlatforms) = postSolution
		{F9CFBDA2-F0A8-4B5A-BE09-DD23E7DC5667}.Debug|Any CPU.ActiveCfg = Debug|Any CPU
		{F9CFBDA2-F0A8-4B5A-BE09-DD23E7DC5667}.Debug|Any CPU.Build.0 = Debug|Any CPU
		{F9CFBDA2-F0A8-4B5A-BE09-DD23E7DC5667}.Release|Any CPU.ActiveCfg = Release|Any CPU
		{F9CFBDA2-F0A8-4B5A-BE09-DD23E7DC5667}.Release|Any CPU.Build.0 = Release|Any CPU
	EndGlobalSection
	GlobalSection(SolutionProperties) = preSolution
		HideSolutionNode = FALSE
	EndGlobalSection
	GlobalSection(ExtensibilityGlobals) = postSolution
		SolutionGuid = {19ED93CA-E162-4821-9926-1CC7CDAA745F}
	EndGlobalSection
EndGlobal
